// !$*UTF8*$!
{
	archiveVersion = 1;
	classes = {
	};
	objectVersion = 56;
	objects = {

/* Begin PBXBuildFile section */
		C035B0D82D081FEF00392B6F /* AppDelegate.swift in Sources */ = {isa = PBXBuildFile; fileRef = C035B0D72D081FEF00392B6F /* AppDelegate.swift */; };
		C035B0DA2D081FEF00392B6F /* SceneDelegate.swift in Sources */ = {isa = PBXBuildFile; fileRef = C035B0D92D081FEF00392B6F /* SceneDelegate.swift */; };
		C035B0DC2D081FEF00392B6F /* ViewController.swift in Sources */ = {isa = PBXBuildFile; fileRef = C035B0DB2D081FEF00392B6F /* ViewController.swift */; };
		C035B0DF2D081FEF00392B6F /* Base in Resources */ = {isa = PBXBuildFile; fileRef = C035B0DE2D081FEF00392B6F /* Base */; };
		C035B0E12D081FF000392B6F /* Assets.xcassets in Resources */ = {isa = PBXBuildFile; fileRef = C035B0E02D081FF000392B6F /* Assets.xcassets */; };
		C035B0E42D081FF000392B6F /* Base in Resources */ = {isa = PBXBuildFile; fileRef = C035B0E32D081FF000392B6F /* Base */; };
		C035B0EF2D081FF000392B6F /* uitabbarcontroller_test2Tests.swift in Sources */ = {isa = PBXBuildFile; fileRef = C035B0EE2D081FF000392B6F /* uitabbarcontroller_test2Tests.swift */; };
		C035B0F92D081FF000392B6F /* uitabbarcontroller_test2UITests.swift in Sources */ = {isa = PBXBuildFile; fileRef = C035B0F82D081FF000392B6F /* uitabbarcontroller_test2UITests.swift */; };
		C035B0FB2D081FF000392B6F /* uitabbarcontroller_test2UITestsLaunchTests.swift in Sources */ = {isa = PBXBuildFile; fileRef = C035B0FA2D081FF000392B6F /* uitabbarcontroller_test2UITestsLaunchTests.swift */; };
/* End PBXBuildFile section */

/* Begin PBXContainerItemProxy section */
		C035B0EB2D081FF000392B6F /* PBXContainerItemProxy */ = {
			isa = PBXContainerItemProxy;
			containerPortal = C035B0CC2D081FEF00392B6F /* Project object */;
			proxyType = 1;
			remoteGlobalIDString = C035B0D32D081FEF00392B6F;
			remoteInfo = uitabbarcontroller_test2;
		};
		C035B0F52D081FF000392B6F /* PBXContainerItemProxy */ = {
			isa = PBXContainerItemProxy;
			containerPortal = C035B0CC2D081FEF00392B6F /* Project object */;
			proxyType = 1;
			remoteGlobalIDString = C035B0D32D081FEF00392B6F;
			remoteInfo = uitabbarcontroller_test2;
		};
/* End PBXContainerItemProxy section */

/* Begin PBXFileReference section */
		C035B0D42D081FEF00392B6F /* uitabbarcontroller_test2.app */ = {isa = PBXFileReference; explicitFileType = wrapper.application; includeInIndex = 0; path = uitabbarcontroller_test2.app; sourceTree = BUILT_PRODUCTS_DIR; };
		C035B0D72D081FEF00392B6F /* AppDelegate.swift */ = {isa = PBXFileReference; lastKnownFileType = sourcecode.swift; path = AppDelegate.swift; sourceTree = "<group>"; };
		C035B0D92D081FEF00392B6F /* SceneDelegate.swift */ = {isa = PBXFileReference; lastKnownFileType = sourcecode.swift; path = SceneDelegate.swift; sourceTree = "<group>"; };
		C035B0DB2D081FEF00392B6F /* ViewController.swift */ = {isa = PBXFileReference; lastKnownFileType = sourcecode.swift; path = ViewController.swift; sourceTree = "<group>"; };
		C035B0DE2D081FEF00392B6F /* Base */ = {isa = PBXFileReference; lastKnownFileType = file.storyboard; name = Base; path = Base.lproj/Main.storyboard; sourceTree = "<group>"; };
		C035B0E02D081FF000392B6F /* Assets.xcassets */ = {isa = PBXFileReference; lastKnownFileType = folder.assetcatalog; path = Assets.xcassets; sourceTree = "<group>"; };
		C035B0E32D081FF000392B6F /* Base */ = {isa = PBXFileReference; lastKnownFileType = file.storyboard; name = Base; path = Base.lproj/LaunchScreen.storyboard; sourceTree = "<group>"; };
		C035B0E52D081FF000392B6F /* Info.plist */ = {isa = PBXFileReference; lastKnownFileType = text.plist.xml; path = Info.plist; sourceTree = "<group>"; };
		C035B0EA2D081FF000392B6F /* uitabbarcontroller_test2Tests.xctest */ = {isa = PBXFileReference; explicitFileType = wrapper.cfbundle; includeInIndex = 0; path = uitabbarcontroller_test2Tests.xctest; sourceTree = BUILT_PRODUCTS_DIR; };
		C035B0EE2D081FF000392B6F /* uitabbarcontroller_test2Tests.swift */ = {isa = PBXFileReference; lastKnownFileType = sourcecode.swift; path = uitabbarcontroller_test2Tests.swift; sourceTree = "<group>"; };
		C035B0F42D081FF000392B6F /* uitabbarcontroller_test2UITests.xctest */ = {isa = PBXFileReference; explicitFileType = wrapper.cfbundle; includeInIndex = 0; path = uitabbarcontroller_test2UITests.xctest; sourceTree = BUILT_PRODUCTS_DIR; };
		C035B0F82D081FF000392B6F /* uitabbarcontroller_test2UITests.swift */ = {isa = PBXFileReference; lastKnownFileType = sourcecode.swift; path = uitabbarcontroller_test2UITests.swift; sourceTree = "<group>"; };
		C035B0FA2D081FF000392B6F /* uitabbarcontroller_test2UITestsLaunchTests.swift */ = {isa = PBXFileReference; lastKnownFileType = sourcecode.swift; path = uitabbarcontroller_test2UITestsLaunchTests.swift; sourceTree = "<group>"; };
/* End PBXFileReference section */

/* Begin PBXFrameworksBuildPhase section */
		C035B0D12D081FEF00392B6F /* Frameworks */ = {
			isa = PBXFrameworksBuildPhase;
			buildActionMask = 2147483647;
			files = (
			);
			runOnlyForDeploymentPostprocessing = 0;
		};
		C035B0E72D081FF000392B6F /* Frameworks */ = {
			isa = PBXFrameworksBuildPhase;
			buildActionMask = 2147483647;
			files = (
			);
			runOnlyForDeploymentPostprocessing = 0;
		};
		C035B0F12D081FF000392B6F /* Frameworks */ = {
			isa = PBXFrameworksBuildPhase;
			buildActionMask = 2147483647;
			files = (
			);
			runOnlyForDeploymentPostprocessing = 0;
		};
/* End PBXFrameworksBuildPhase section */

/* Begin PBXGroup section */
		C035B0CB2D081FEF00392B6F = {
			isa = PBXGroup;
			children = (
				C035B0D62D081FEF00392B6F /* uitabbarcontroller_test2 */,
				C035B0ED2D081FF000392B6F /* uitabbarcontroller_test2Tests */,
				C035B0F72D081FF000392B6F /* uitabbarcontroller_test2UITests */,
				C035B0D52D081FEF00392B6F /* Products */,
			);
			sourceTree = "<group>";
		};
		C035B0D52D081FEF00392B6F /* Products */ = {
			isa = PBXGroup;
			children = (
				C035B0D42D081FEF00392B6F /* uitabbarcontroller_test2.app */,
				C035B0EA2D081FF000392B6F /* uitabbarcontroller_test2Tests.xctest */,
				C035B0F42D081FF000392B6F /* uitabbarcontroller_test2UITests.xctest */,
			);
			name = Products;
			sourceTree = "<group>";
		};
		C035B0D62D081FEF00392B6F /* uitabbarcontroller_test2 */ = {
			isa = PBXGroup;
			children = (
				C035B0D72D081FEF00392B6F /* AppDelegate.swift */,
				C035B0D92D081FEF00392B6F /* SceneDelegate.swift */,
				C035B0DB2D081FEF00392B6F /* ViewController.swift */,
				C035B0DD2D081FEF00392B6F /* Main.storyboard */,
				C035B0E02D081FF000392B6F /* Assets.xcassets */,
				C035B0E22D081FF000392B6F /* LaunchScreen.storyboard */,
				C035B0E52D081FF000392B6F /* Info.plist */,
			);
			path = uitabbarcontroller_test2;
			sourceTree = "<group>";
		};
		C035B0ED2D081FF000392B6F /* uitabbarcontroller_test2Tests */ = {
			isa = PBXGroup;
			children = (
				C035B0EE2D081FF000392B6F /* uitabbarcontroller_test2Tests.swift */,
			);
			path = uitabbarcontroller_test2Tests;
			sourceTree = "<group>";
		};
		C035B0F72D081FF000392B6F /* uitabbarcontroller_test2UITests */ = {
			isa = PBXGroup;
			children = (
				C035B0F82D081FF000392B6F /* uitabbarcontroller_test2UITests.swift */,
				C035B0FA2D081FF000392B6F /* uitabbarcontroller_test2UITestsLaunchTests.swift */,
			);
			path = uitabbarcontroller_test2UITests;
			sourceTree = "<group>";
		};
/* End PBXGroup section */

/* Begin PBXNativeTarget section */
		C035B0D32D081FEF00392B6F /* uitabbarcontroller_test2 */ = {
			isa = PBXNativeTarget;
			buildConfigurationList = C035B0FE2D081FF000392B6F /* Build configuration list for PBXNativeTarget "uitabbarcontroller_test2" */;
			buildPhases = (
				C035B0D02D081FEF00392B6F /* Sources */,
				C035B0D12D081FEF00392B6F /* Frameworks */,
				C035B0D22D081FEF00392B6F /* Resources */,
			);
			buildRules = (
			);
			dependencies = (
			);
			name = uitabbarcontroller_test2;
			productName = uitabbarcontroller_test2;
			productReference = C035B0D42D081FEF00392B6F /* uitabbarcontroller_test2.app */;
			productType = "com.apple.product-type.application";
		};
		C035B0E92D081FF000392B6F /* uitabbarcontroller_test2Tests */ = {
			isa = PBXNativeTarget;
			buildConfigurationList = C035B1012D081FF000392B6F /* Build configuration list for PBXNativeTarget "uitabbarcontroller_test2Tests" */;
			buildPhases = (
				C035B0E62D081FF000392B6F /* Sources */,
				C035B0E72D081FF000392B6F /* Frameworks */,
				C035B0E82D081FF000392B6F /* Resources */,
			);
			buildRules = (
			);
			dependencies = (
				C035B0EC2D081FF000392B6F /* PBXTargetDependency */,
			);
			name = uitabbarcontroller_test2Tests;
			productName = uitabbarcontroller_test2Tests;
			productReference = C035B0EA2D081FF000392B6F /* uitabbarcontroller_test2Tests.xctest */;
			productType = "com.apple.product-type.bundle.unit-test";
		};
		C035B0F32D081FF000392B6F /* uitabbarcontroller_test2UITests */ = {
			isa = PBXNativeTarget;
			buildConfigurationList = C035B1042D081FF000392B6F /* Build configuration list for PBXNativeTarget "uitabbarcontroller_test2UITests" */;
			buildPhases = (
				C035B0F02D081FF000392B6F /* Sources */,
				C035B0F12D081FF000392B6F /* Frameworks */,
				C035B0F22D081FF000392B6F /* Resources */,
			);
			buildRules = (
			);
			dependencies = (
				C035B0F62D081FF000392B6F /* PBXTargetDependency */,
			);
			name = uitabbarcontroller_test2UITests;
			productName = uitabbarcontroller_test2UITests;
			productReference = C035B0F42D081FF000392B6F /* uitabbarcontroller_test2UITests.xctest */;
			productType = "com.apple.product-type.bundle.ui-testing";
		};
/* End PBXNativeTarget section */

/* Begin PBXProject section */
		C035B0CC2D081FEF00392B6F /* Project object */ = {
			isa = PBXProject;
			attributes = {
				BuildIndependentTargetsInParallel = 1;
				LastSwiftUpdateCheck = 1540;
				LastUpgradeCheck = 1540;
				TargetAttributes = {
					C035B0D32D081FEF00392B6F = {
						CreatedOnToolsVersion = 15.4;
					};
					C035B0E92D081FF000392B6F = {
						CreatedOnToolsVersion = 15.4;
						TestTargetID = C035B0D32D081FEF00392B6F;
					};
					C035B0F32D081FF000392B6F = {
						CreatedOnToolsVersion = 15.4;
						TestTargetID = C035B0D32D081FEF00392B6F;
					};
				};
			};
			buildConfigurationList = C035B0CF2D081FEF00392B6F /* Build configuration list for PBXProject "uitabbarcontroller_test2" */;
			compatibilityVersion = "Xcode 14.0";
			developmentRegion = en;
			hasScannedForEncodings = 0;
			knownRegions = (
				en,
				Base,
			);
			mainGroup = C035B0CB2D081FEF00392B6F;
			productRefGroup = C035B0D52D081FEF00392B6F /* Products */;
			projectDirPath = "";
			projectRoot = "";
			targets = (
				C035B0D32D081FEF00392B6F /* uitabbarcontroller_test2 */,
				C035B0E92D081FF000392B6F /* uitabbarcontroller_test2Tests */,
				C035B0F32D081FF000392B6F /* uitabbarcontroller_test2UITests */,
			);
		};
/* End PBXProject section */

/* Begin PBXResourcesBuildPhase section */
		C035B0D22D081FEF00392B6F /* Resources */ = {
			isa = PBXResourcesBuildPhase;
			buildActionMask = 2147483647;
			files = (
				C035B0E12D081FF000392B6F /* Assets.xcassets in Resources */,
				C035B0E42D081FF000392B6F /* Base in Resources */,
				C035B0DF2D081FEF00392B6F /* Base in Resources */,
			);
			runOnlyForDeploymentPostprocessing = 0;
		};
		C035B0E82D081FF000392B6F /* Resources */ = {
			isa = PBXResourcesBuildPhase;
			buildActionMask = 2147483647;
			files = (
			);
			runOnlyForDeploymentPostprocessing = 0;
		};
		C035B0F22D081FF000392B6F /* Resources */ = {
			isa = PBXResourcesBuildPhase;
			buildActionMask = 2147483647;
			files = (
			);
			runOnlyForDeploymentPostprocessing = 0;
		};
/* End PBXResourcesBuildPhase section */

/* Begin PBXSourcesBuildPhase section */
		C035B0D02D081FEF00392B6F /* Sources */ = {
			isa = PBXSourcesBuildPhase;
			buildActionMask = 2147483647;
			files = (
				C035B0DC2D081FEF00392B6F /* ViewController.swift in Sources */,
				C035B0D82D081FEF00392B6F /* AppDelegate.swift in Sources */,
				C035B0DA2D081FEF00392B6F /* SceneDelegate.swift in Sources */,
			);
			runOnlyForDeploymentPostprocessing = 0;
		};
		C035B0E62D081FF000392B6F /* Sources */ = {
			isa = PBXSourcesBuildPhase;
			buildActionMask = 2147483647;
			files = (
				C035B0EF2D081FF000392B6F /* uitabbarcontroller_test2Tests.swift in Sources */,
			);
			runOnlyForDeploymentPostprocessing = 0;
		};
		C035B0F02D081FF000392B6F /* Sources */ = {
			isa = PBXSourcesBuildPhase;
			buildActionMask = 2147483647;
			files = (
				C035B0F92D081FF000392B6F /* uitabbarcontroller_test2UITests.swift in Sources */,
				C035B0FB2D081FF000392B6F /* uitabbarcontroller_test2UITestsLaunchTests.swift in Sources */,
			);
			runOnlyForDeploymentPostprocessing = 0;
		};
/* End PBXSourcesBuildPhase section */

/* Begin PBXTargetDependency section */
		C035B0EC2D081FF000392B6F /* PBXTargetDependency */ = {
			isa = PBXTargetDependency;
			target = C035B0D32D081FEF00392B6F /* uitabbarcontroller_test2 */;
			targetProxy = C035B0EB2D081FF000392B6F /* PBXContainerItemProxy */;
		};
		C035B0F62D081FF000392B6F /* PBXTargetDependency */ = {
			isa = PBXTargetDependency;
			target = C035B0D32D081FEF00392B6F /* uitabbarcontroller_test2 */;
			targetProxy = C035B0F52D081FF000392B6F /* PBXContainerItemProxy */;
		};
/* End PBXTargetDependency section */

/* Begin PBXVariantGroup section */
		C035B0DD2D081FEF00392B6F /* Main.storyboard */ = {
			isa = PBXVariantGroup;
			children = (
				C035B0DE2D081FEF00392B6F /* Base */,
			);
			name = Main.storyboard;
			sourceTree = "<group>";
		};
		C035B0E22D081FF000392B6F /* LaunchScreen.storyboard */ = {
			isa = PBXVariantGroup;
			children = (
				C035B0E32D081FF000392B6F /* Base */,
			);
			name = LaunchScreen.storyboard;
			sourceTree = "<group>";
		};
/* End PBXVariantGroup section */

/* Begin XCBuildConfiguration section */
		C035B0FC2D081FF000392B6F /* Debug */ = {
			isa = XCBuildConfiguration;
			buildSettings = {
				ALWAYS_SEARCH_USER_PATHS = NO;
				ASSETCATALOG_COMPILER_GENERATE_SWIFT_ASSET_SYMBOL_EXTENSIONS = YES;
				CLANG_ANALYZER_NONNULL = YES;
				CLANG_ANALYZER_NUMBER_OBJECT_CONVERSION = YES_AGGRESSIVE;
				CLANG_CXX_LANGUAGE_STANDARD = "gnu++20";
				CLANG_ENABLE_MODULES = YES;
				CLANG_ENABLE_OBJC_ARC = YES;
				CLANG_ENABLE_OBJC_WEAK = YES;
				CLANG_WARN_BLOCK_CAPTURE_AUTORELEASING = YES;
				CLANG_WARN_BOOL_CONVERSION = YES;
				CLANG_WARN_COMMA = YES;
				CLANG_WARN_CONSTANT_CONVERSION = YES;
				CLANG_WARN_DEPRECATED_OBJC_IMPLEMENTATIONS = YES;
				CLANG_WARN_DIRECT_OBJC_ISA_USAGE = YES_ERROR;
				CLANG_WARN_DOCUMENTATION_COMMENTS = YES;
				CLANG_WARN_EMPTY_BODY = YES;
				CLANG_WARN_ENUM_CONVERSION = YES;
				CLANG_WARN_INFINITE_RECURSION = YES;
				CLANG_WARN_INT_CONVERSION = YES;
				CLANG_WARN_NON_LITERAL_NULL_CONVERSION = YES;
				CLANG_WARN_OBJC_IMPLICIT_RETAIN_SELF = YES;
				CLANG_WARN_OBJC_LITERAL_CONVERSION = YES;
				CLANG_WARN_OBJC_ROOT_CLASS = YES_ERROR;
				CLANG_WARN_QUOTED_INCLUDE_IN_FRAMEWORK_HEADER = YES;
				CLANG_WARN_RANGE_LOOP_ANALYSIS = YES;
				CLANG_WARN_STRICT_PROTOTYPES = YES;
				CLANG_WARN_SUSPICIOUS_MOVE = YES;
				CLANG_WARN_UNGUARDED_AVAILABILITY = YES_AGGRESSIVE;
				CLANG_WARN_UNREACHABLE_CODE = YES;
				CLANG_WARN__DUPLICATE_METHOD_MATCH = YES;
				COPY_PHASE_STRIP = NO;
				DEBUG_INFORMATION_FORMAT = dwarf;
				ENABLE_STRICT_OBJC_MSGSEND = YES;
				ENABLE_TESTABILITY = YES;
				ENABLE_USER_SCRIPT_SANDBOXING = YES;
				GCC_C_LANGUAGE_STANDARD = gnu17;
				GCC_DYNAMIC_NO_PIC = NO;
				GCC_NO_COMMON_BLOCKS = YES;
				GCC_OPTIMIZATION_LEVEL = 0;
				GCC_PREPROCESSOR_DEFINITIONS = (
					"DEBUG=1",
					"$(inherited)",
				);
				GCC_WARN_64_TO_32_BIT_CONVERSION = YES;
				GCC_WARN_ABOUT_RETURN_TYPE = YES_ERROR;
				GCC_WARN_UNDECLARED_SELECTOR = YES;
				GCC_WARN_UNINITIALIZED_AUTOS = YES_AGGRESSIVE;
				GCC_WARN_UNUSED_FUNCTION = YES;
				GCC_WARN_UNUSED_VARIABLE = YES;
				IPHONEOS_DEPLOYMENT_TARGET = 17.5;
				LOCALIZATION_PREFERS_STRING_CATALOGS = YES;
				MTL_ENABLE_DEBUG_INFO = INCLUDE_SOURCE;
				MTL_FAST_MATH = YES;
				ONLY_ACTIVE_ARCH = YES;
				SDKROOT = iphoneos;
				SWIFT_ACTIVE_COMPILATION_CONDITIONS = "DEBUG $(inherited)";
				SWIFT_OPTIMIZATION_LEVEL = "-Onone";
			};
			name = Debug;
		};
		C035B0FD2D081FF000392B6F /* Release */ = {
			isa = XCBuildConfiguration;
			buildSettings = {
				ALWAYS_SEARCH_USER_PATHS = NO;
				ASSETCATALOG_COMPILER_GENERATE_SWIFT_ASSET_SYMBOL_EXTENSIONS = YES;
				CLANG_ANALYZER_NONNULL = YES;
				CLANG_ANALYZER_NUMBER_OBJECT_CONVERSION = YES_AGGRESSIVE;
				CLANG_CXX_LANGUAGE_STANDARD = "gnu++20";
				CLANG_ENABLE_MODULES = YES;
				CLANG_ENABLE_OBJC_ARC = YES;
				CLANG_ENABLE_OBJC_WEAK = YES;
				CLANG_WARN_BLOCK_CAPTURE_AUTORELEASING = YES;
				CLANG_WARN_BOOL_CONVERSION = YES;
				CLANG_WARN_COMMA = YES;
				CLANG_WARN_CONSTANT_CONVERSION = YES;
				CLANG_WARN_DEPRECATED_OBJC_IMPLEMENTATIONS = YES;
				CLANG_WARN_DIRECT_OBJC_ISA_USAGE = YES_ERROR;
				CLANG_WARN_DOCUMENTATION_COMMENTS = YES;
				CLANG_WARN_EMPTY_BODY = YES;
				CLANG_WARN_ENUM_CONVERSION = YES;
				CLANG_WARN_INFINITE_RECURSION = YES;
				CLANG_WARN_INT_CONVERSION = YES;
				CLANG_WARN_NON_LITERAL_NULL_CONVERSION = YES;
				CLANG_WARN_OBJC_IMPLICIT_RETAIN_SELF = YES;
				CLANG_WARN_OBJC_LITERAL_CONVERSION = YES;
				CLANG_WARN_OBJC_ROOT_CLASS = YES_ERROR;
				CLANG_WARN_QUOTED_INCLUDE_IN_FRAMEWORK_HEADER = YES;
				CLANG_WARN_RANGE_LOOP_ANALYSIS = YES;
				CLANG_WARN_STRICT_PROTOTYPES = YES;
				CLANG_WARN_SUSPICIOUS_MOVE = YES;
				CLANG_WARN_UNGUARDED_AVAILABILITY = YES_AGGRESSIVE;
				CLANG_WARN_UNREACHABLE_CODE = YES;
				CLANG_WARN__DUPLICATE_METHOD_MATCH = YES;
				COPY_PHASE_STRIP = NO;
				DEBUG_INFORMATION_FORMAT = "dwarf-with-dsym";
				ENABLE_NS_ASSERTIONS = NO;
				ENABLE_STRICT_OBJC_MSGSEND = YES;
				ENABLE_USER_SCRIPT_SANDBOXING = YES;
				GCC_C_LANGUAGE_STANDARD = gnu17;
				GCC_NO_COMMON_BLOCKS = YES;
				GCC_WARN_64_TO_32_BIT_CONVERSION = YES;
				GCC_WARN_ABOUT_RETURN_TYPE = YES_ERROR;
				GCC_WARN_UNDECLARED_SELECTOR = YES;
				GCC_WARN_UNINITIALIZED_AUTOS = YES_AGGRESSIVE;
				GCC_WARN_UNUSED_FUNCTION = YES;
				GCC_WARN_UNUSED_VARIABLE = YES;
				IPHONEOS_DEPLOYMENT_TARGET = 17.5;
				LOCALIZATION_PREFERS_STRING_CATALOGS = YES;
				MTL_ENABLE_DEBUG_INFO = NO;
				MTL_FAST_MATH = YES;
				SDKROOT = iphoneos;
				SWIFT_COMPILATION_MODE = wholemodule;
				VALIDATE_PRODUCT = YES;
			};
			name = Release;
		};
		C035B0FF2D081FF000392B6F /* Debug */ = {
			isa = XCBuildConfiguration;
			buildSettings = {
				ASSETCATALOG_COMPILER_APPICON_NAME = AppIcon;
				ASSETCATALOG_COMPILER_GLOBAL_ACCENT_COLOR_NAME = AccentColor;
				CODE_SIGN_STYLE = Automatic;
				CURRENT_PROJECT_VERSION = 1;
				DEVELOPMENT_TEAM = GZNB3YEQYA;
				GENERATE_INFOPLIST_FILE = YES;
				INFOPLIST_FILE = uitabbarcontroller_test2/Info.plist;
				INFOPLIST_KEY_UIApplicationSupportsIndirectInputEvents = YES;
				INFOPLIST_KEY_UILaunchStoryboardName = LaunchScreen;
				INFOPLIST_KEY_UIMainStoryboardFile = Main;
				INFOPLIST_KEY_UISupportedInterfaceOrientations_iPad = "UIInterfaceOrientationPortrait UIInterfaceOrientationPortraitUpsideDown UIInterfaceOrientationLandscapeLeft UIInterfaceOrientationLandscapeRight";
				INFOPLIST_KEY_UISupportedInterfaceOrientations_iPhone = "UIInterfaceOrientationPortrait UIInterfaceOrientationLandscapeLeft UIInterfaceOrientationLandscapeRight";
				LD_RUNPATH_SEARCH_PATHS = (
					"$(inherited)",
					"@executable_path/Frameworks",
				);
				MARKETING_VERSION = 1.0;
				PRODUCT_BUNDLE_IDENTIFIER = "com.linusix.uitabbarcontroller-test2";
				PRODUCT_NAME = "$(TARGET_NAME)";
				SWIFT_EMIT_LOC_STRINGS = YES;
				SWIFT_VERSION = 5.0;
				TARGETED_DEVICE_FAMILY = "1,2";
			};
			name = Debug;
		};
		C035B1002D081FF000392B6F /* Release */ = {
			isa = XCBuildConfiguration;
			buildSettings = {
				ASSETCATALOG_COMPILER_APPICON_NAME = AppIcon;
				ASSETCATALOG_COMPILER_GLOBAL_ACCENT_COLOR_NAME = AccentColor;
				CODE_SIGN_STYLE = Automatic;
				CURRENT_PROJECT_VERSION = 1;
				DEVELOPMENT_TEAM = GZNB3YEQYA;
				GENERATE_INFOPLIST_FILE = YES;
				INFOPLIST_FILE = uitabbarcontroller_test2/Info.plist;
				INFOPLIST_KEY_UIApplicationSupportsIndirectInputEvents = YES;
				INFOPLIST_KEY_UILaunchStoryboardName = LaunchScreen;
				INFOPLIST_KEY_UIMainStoryboardFile = Main;
				INFOPLIST_KEY_UISupportedInterfaceOrientations_iPad = "UIInterfaceOrientationPortrait UIInterfaceOrientationPortraitUpsideDown UIInterfaceOrientationLandscapeLeft UIInterfaceOrientationLandscapeRight";
				INFOPLIST_KEY_UISupportedInterfaceOrientations_iPhone = "UIInterfaceOrientationPortrait UIInterfaceOrientationLandscapeLeft UIInterfaceOrientationLandscapeRight";
				LD_RUNPATH_SEARCH_PATHS = (
					"$(inherited)",
					"@executable_path/Frameworks",
				);
				MARKETING_VERSION = 1.0;
				PRODUCT_BUNDLE_IDENTIFIER = "com.linusix.uitabbarcontroller-test2";
				PRODUCT_NAME = "$(TARGET_NAME)";
				SWIFT_EMIT_LOC_STRINGS = YES;
				SWIFT_VERSION = 5.0;
				TARGETED_DEVICE_FAMILY = "1,2";
			};
			name = Release;
		};
		C035B1022D081FF000392B6F /* Debug */ = {
			isa = XCBuildConfiguration;
			buildSettings = {
				ALWAYS_EMBED_SWIFT_STANDARD_LIBRARIES = YES;
				BUNDLE_LOADER = "$(TEST_HOST)";
				CODE_SIGN_STYLE = Automatic;
				CURRENT_PROJECT_VERSION = 1;
				DEVELOPMENT_TEAM = GZNB3YEQYA;
				GENERATE_INFOPLIST_FILE = YES;
				IPHONEOS_DEPLOYMENT_TARGET = 17.5;
				MARKETING_VERSION = 1.0;
				PRODUCT_BUNDLE_IDENTIFIER = "com.linusix.uitabbarcontroller-test2Tests";
				PRODUCT_NAME = "$(TARGET_NAME)";
				SWIFT_EMIT_LOC_STRINGS = NO;
				SWIFT_VERSION = 5.0;
				TARGETED_DEVICE_FAMILY = "1,2";
				TEST_HOST = "$(BUILT_PRODUCTS_DIR)/uitabbarcontroller_test2.app/$(BUNDLE_EXECUTABLE_FOLDER_PATH)/uitabbarcontroller_test2";
			};
			name = Debug;
		};
		C035B1032D081FF000392B6F /* Release */ = {
			isa = XCBuildConfiguration;
			buildSettings = {
				ALWAYS_EMBED_SWIFT_STANDARD_LIBRARIES = YES;
				BUNDLE_LOADER = "$(TEST_HOST)";
				CODE_SIGN_STYLE = Automatic;
				CURRENT_PROJECT_VERSION = 1;
				DEVELOPMENT_TEAM = GZNB3YEQYA;
				GENERATE_INFOPLIST_FILE = YES;
				IPHONEOS_DEPLOYMENT_TARGET = 17.5;
				MARKETING_VERSION = 1.0;
				PRODUCT_BUNDLE_IDENTIFIER = "com.linusix.uitabbarcontroller-test2Tests";
				PRODUCT_NAME = "$(TARGET_NAME)";
				SWIFT_EMIT_LOC_STRINGS = NO;
				SWIFT_VERSION = 5.0;
				TARGETED_DEVICE_FAMILY = "1,2";
				TEST_HOST = "$(BUILT_PRODUCTS_DIR)/uitabbarcontroller_test2.app/$(BUNDLE_EXECUTABLE_FOLDER_PATH)/uitabbarcontroller_test2";
			};
			name = Release;
		};
		C035B1052D081FF000392B6F /* Debug */ = {
			isa = XCBuildConfiguration;
			buildSettings = {
				ALWAYS_EMBED_SWIFT_STANDARD_LIBRARIES = YES;
				CODE_SIGN_STYLE = Automatic;
				CURRENT_PROJECT_VERSION = 1;
				DEVELOPMENT_TEAM = GZNB3YEQYA;
				GENERATE_INFOPLIST_FILE = YES;
				MARKETING_VERSION = 1.0;
				PRODUCT_BUNDLE_IDENTIFIER = "com.linusix.uitabbarcontroller-test2UITests";
				PRODUCT_NAME = "$(TARGET_NAME)";
				SWIFT_EMIT_LOC_STRINGS = NO;
				SWIFT_VERSION = 5.0;
				TARGETED_DEVICE_FAMILY = "1,2";
				TEST_TARGET_NAME = uitabbarcontroller_test2;
			};
			name = Debug;
		};
		C035B1062D081FF000392B6F /* Release */ = {
			isa = XCBuildConfiguration;
			buildSettings = {
				ALWAYS_EMBED_SWIFT_STANDARD_LIBRARIES = YES;
				CODE_SIGN_STYLE = Automatic;
				CURRENT_PROJECT_VERSION = 1;
				DEVELOPMENT_TEAM = GZNB3YEQYA;
				GENERATE_INFOPLIST_FILE = YES;
				MARKETING_VERSION = 1.0;
				PRODUCT_BUNDLE_IDENTIFIER = "com.linusix.uitabbarcontroller-test2UITests";
				PRODUCT_NAME = "$(TARGET_NAME)";
				SWIFT_EMIT_LOC_STRINGS = NO;
				SWIFT_VERSION = 5.0;
				TARGETED_DEVICE_FAMILY = "1,2";
				TEST_TARGET_NAME = uitabbarcontroller_test2;
			};
			name = Release;
		};
/* End XCBuildConfiguration section */

/* Begin XCConfigurationList section */
		C035B0CF2D081FEF00392B6F /* Build configuration list for PBXProject "uitabbarcontroller_test2" */ = {
			isa = XCConfigurationList;
			buildConfigurations = (
				C035B0FC2D081FF000392B6F /* Debug */,
				C035B0FD2D081FF000392B6F /* Release */,
			);
			defaultConfigurationIsVisible = 0;
			defaultConfigurationName = Release;
		};
		C035B0FE2D081FF000392B6F /* Build configuration list for PBXNativeTarget "uitabbarcontroller_test2" */ = {
			isa = XCConfigurationList;
			buildConfigurations = (
				C035B0FF2D081FF000392B6F /* Debug */,
				C035B1002D081FF000392B6F /* Release */,
			);
			defaultConfigurationIsVisible = 0;
			defaultConfigurationName = Release;
		};
		C035B1012D081FF000392B6F /* Build configuration list for PBXNativeTarget "uitabbarcontroller_test2Tests" */ = {
			isa = XCConfigurationList;
			buildConfigurations = (
				C035B1022D081FF000392B6F /* Debug */,
				C035B1032D081FF000392B6F /* Release */,
			);
			defaultConfigurationIsVisible = 0;
			defaultConfigurationName = Release;
		};
		C035B1042D081FF000392B6F /* Build configuration list for PBXNativeTarget "uitabbarcontroller_test2UITests" */ = {
			isa = XCConfigurationList;
			buildConfigurations = (
				C035B1052D081FF000392B6F /* Debug */,
				C035B1062D081FF000392B6F /* Release */,
			);
			defaultConfigurationIsVisible = 0;
			defaultConfigurationName = Release;
		};
/* End XCConfigurationList section */
	};
	rootObject = C035B0CC2D081FEF00392B6F /* Project object */;
}
